
Microsoft Visual Studio Solution File, Format Version 12.00
# Visual Studio Version 16
VisualStudioVersion = 16.0.31702.278
MinimumVisualStudioVersion = 10.0.40219.1
Project("{FAE04EC0-301F-11D3-BF4B-00C04F79EFBC}") = "Autókereskedés", "Autókereskedés\Autókereskedés.csproj", "{BDCD3865-981B-414A-9DE7-5E389EEC4B6E}"
EndProject
Global
	GlobalSection(SolutionConfigurationPlatforms) = preSolution
		Debug|Any CPU = Debug|Any CPU
		Release|Any CPU = Release|Any CPU
	EndGlobalSection
	GlobalSection(ProjectConfigurationPlatforms) = postSolution
		{BDCD3865-981B-414A-9DE7-5E389EEC4B6E}.Debug|Any CPU.ActiveCfg = Debug|Any CPU
		{BDCD3865-981B-414A-9DE7-5E389EEC4B6E}.Debug|Any CPU.Build.0 = Debug|Any CPU
		{BDCD3865-981B-414A-9DE7-5E389EEC4B6E}.Release|Any CPU.ActiveCfg = Release|Any CPU
		{BDCD3865-981B-414A-9DE7-5E389EEC4B6E}.Release|Any CPU.Build.0 = Release|Any CPU
	EndGlobalSection
	GlobalSection(SolutionProperties) = preSolution
		HideSolutionNode = FALSE
	EndGlobalSection
	GlobalSection(ExtensibilityGlobals) = postSolution
		SolutionGuid = {B97FA584-9116-44F8-A23B-E870A4D555AB}
	EndGlobalSection
EndGlobal
